
Microsoft Visual Studio Solution File, Format Version 12.00
Project("{FAE04EC0-301F-11D3-BF4B-00C04F79EFBC}") = "Switcher", "Switcher\Switcher.csproj", "{3491C54B-B1AE-4E9A-A9D7-B926E9F78E30}"
EndProject
Global
	GlobalSection(SolutionConfigurationPlatforms) = preSolution
		Debug|Any CPU = Debug|Any CPU
		Release|Any CPU = Release|Any CPU
	EndGlobalSection
	GlobalSection(ProjectConfigurationPlatforms) = postSolution
		{3491C54B-B1AE-4E9A-A9D7-B926E9F78E30}.Debug|Any CPU.ActiveCfg = Debug|Any CPU
		{3491C54B-B1AE-4E9A-A9D7-B926E9F78E30}.Debug|Any CPU.Build.0 = Debug|Any CPU
		{3491C54B-B1AE-4E9A-A9D7-B926E9F78E30}.Release|Any CPU.ActiveCfg = Release|Any CPU
		{3491C54B-B1AE-4E9A-A9D7-B926E9F78E30}.Release|Any CPU.Build.0 = Release|Any CPU
	EndGlobalSection
EndGlobal
