
Microsoft Visual Studio Solution File, Format Version 12.00
# Visual Studio Version 16
VisualStudioVersion = 16.0.30225.117
MinimumVisualStudioVersion = 10.0.40219.1
Project("{FAE04EC0-301F-11D3-BF4B-00C04F79EFBC}") = "Switcher", "Switcher\Switcher.csproj", "{3491C54B-B1AE-4E9A-A9D7-B926E9F78E30}"
EndProject
Project("{FAE04EC0-301F-11D3-BF4B-00C04F79EFBC}") = "Switcher.FakeRelayListener", "Switcher.FakeRelayListener\Switcher.FakeRelayListener.csproj", "{3777D733-29D9-43C6-995D-97C04B132243}"
EndProject
Global
	GlobalSection(SolutionConfigurationPlatforms) = preSolution
		Debug|Any CPU = Debug|Any CPU
		Release|Any CPU = Release|Any CPU
	EndGlobalSection
	GlobalSection(ProjectConfigurationPlatforms) = postSolution
		{3491C54B-B1AE-4E9A-A9D7-B926E9F78E30}.Debug|Any CPU.ActiveCfg = Debug|Any CPU
		{3491C54B-B1AE-4E9A-A9D7-B926E9F78E30}.Debug|Any CPU.Build.0 = Debug|Any CPU
		{3491C54B-B1AE-4E9A-A9D7-B926E9F78E30}.Release|Any CPU.ActiveCfg = Release|Any CPU
		{3491C54B-B1AE-4E9A-A9D7-B926E9F78E30}.Release|Any CPU.Build.0 = Release|Any CPU
		{3777D733-29D9-43C6-995D-97C04B132243}.Debug|Any CPU.ActiveCfg = Debug|Any CPU
		{3777D733-29D9-43C6-995D-97C04B132243}.Debug|Any CPU.Build.0 = Debug|Any CPU
		{3777D733-29D9-43C6-995D-97C04B132243}.Release|Any CPU.ActiveCfg = Release|Any CPU
		{3777D733-29D9-43C6-995D-97C04B132243}.Release|Any CPU.Build.0 = Release|Any CPU
	EndGlobalSection
	GlobalSection(SolutionProperties) = preSolution
		HideSolutionNode = FALSE
	EndGlobalSection
	GlobalSection(ExtensibilityGlobals) = postSolution
		SolutionGuid = {21F45572-49ED-4544-986E-77C46B034450}
	EndGlobalSection
EndGlobal
